
Microsoft Visual Studio Solution File, Format Version 12.00
# Visual Studio Version 17
VisualStudioVersion = 17.3.32929.385
MinimumVisualStudioVersion = 10.0.40219.1
Project("{9A19103F-16F7-4668-BE54-9A1E7A4F7556}") = "Otterly.API", "Otterly.API\Otterly.API.csproj", "{B84CCD1A-1722-478D-A2D2-956BB3D64D59}"
EndProject
Project("{2150E333-8FDC-42A3-9474-1A3956D46DE8}") = "Lib", "Lib", "{86074EEE-7DC1-4F97-8241-04D56EBA0BA5}"
EndProject
Project("{2150E333-8FDC-42A3-9474-1A3956D46DE8}") = "Test", "Test", "{47E04E48-5430-4570-8CBC-9DB96E1770AE}"
EndProject
Project("{9A19103F-16F7-4668-BE54-9A1E7A4F7556}") = "Otterly.Database", "Lib\Otterly.Database\Otterly.Database.csproj", "{1ABA275F-57F9-4352-872B-3835CCF828B4}"
EndProject
Project("{9A19103F-16F7-4668-BE54-9A1E7A4F7556}") = "Otterly.ClientLib", "Lib\Otterly.ClientLib\Otterly.ClientLib.csproj", "{C7CD6695-9CFC-47B7-BABE-324327362D3C}"
EndProject
Project("{9A19103F-16F7-4668-BE54-9A1E7A4F7556}") = "Otterly.API.Tests", "Tests\Otterly.API.Tests\Otterly.API.Tests.csproj", "{50030376-2A38-4716-A5EE-085588BA1F01}"
EndProject
Global
	GlobalSection(SolutionConfigurationPlatforms) = preSolution
		Debug|Any CPU = Debug|Any CPU
		Release|Any CPU = Release|Any CPU
	EndGlobalSection
	GlobalSection(ProjectConfigurationPlatforms) = postSolution
		{B84CCD1A-1722-478D-A2D2-956BB3D64D59}.Debug|Any CPU.ActiveCfg = Debug|Any CPU
		{B84CCD1A-1722-478D-A2D2-956BB3D64D59}.Debug|Any CPU.Build.0 = Debug|Any CPU
		{B84CCD1A-1722-478D-A2D2-956BB3D64D59}.Release|Any CPU.ActiveCfg = Release|Any CPU
		{B84CCD1A-1722-478D-A2D2-956BB3D64D59}.Release|Any CPU.Build.0 = Release|Any CPU
		{1ABA275F-57F9-4352-872B-3835CCF828B4}.Debug|Any CPU.ActiveCfg = Debug|Any CPU
		{1ABA275F-57F9-4352-872B-3835CCF828B4}.Debug|Any CPU.Build.0 = Debug|Any CPU
		{1ABA275F-57F9-4352-872B-3835CCF828B4}.Release|Any CPU.ActiveCfg = Release|Any CPU
		{1ABA275F-57F9-4352-872B-3835CCF828B4}.Release|Any CPU.Build.0 = Release|Any CPU
		{C7CD6695-9CFC-47B7-BABE-324327362D3C}.Debug|Any CPU.ActiveCfg = Debug|Any CPU
		{C7CD6695-9CFC-47B7-BABE-324327362D3C}.Debug|Any CPU.Build.0 = Debug|Any CPU
		{C7CD6695-9CFC-47B7-BABE-324327362D3C}.Release|Any CPU.ActiveCfg = Release|Any CPU
		{C7CD6695-9CFC-47B7-BABE-324327362D3C}.Release|Any CPU.Build.0 = Release|Any CPU
		{50030376-2A38-4716-A5EE-085588BA1F01}.Debug|Any CPU.ActiveCfg = Debug|Any CPU
		{50030376-2A38-4716-A5EE-085588BA1F01}.Debug|Any CPU.Build.0 = Debug|Any CPU
		{50030376-2A38-4716-A5EE-085588BA1F01}.Release|Any CPU.ActiveCfg = Release|Any CPU
		{50030376-2A38-4716-A5EE-085588BA1F01}.Release|Any CPU.Build.0 = Release|Any CPU
	EndGlobalSection
	GlobalSection(SolutionProperties) = preSolution
		HideSolutionNode = FALSE
	EndGlobalSection
	GlobalSection(NestedProjects) = preSolution
		{1ABA275F-57F9-4352-872B-3835CCF828B4} = {86074EEE-7DC1-4F97-8241-04D56EBA0BA5}
		{C7CD6695-9CFC-47B7-BABE-324327362D3C} = {86074EEE-7DC1-4F97-8241-04D56EBA0BA5}
		{50030376-2A38-4716-A5EE-085588BA1F01} = {47E04E48-5430-4570-8CBC-9DB96E1770AE}
	EndGlobalSection
	GlobalSection(ExtensibilityGlobals) = postSolution
		SolutionGuid = {0951D81A-0F1B-477F-9B4F-7BD944CB8A1B}
	EndGlobalSection
EndGlobal
